
Microsoft Visual Studio Solution File, Format Version 12.00
# Visual Studio Version 17
VisualStudioVersion = 17.8.34309.116
MinimumVisualStudioVersion = 10.0.40219.1
Project("{FAE04EC0-301F-11D3-BF4B-00C04F79EFBC}") = "Notes Application", "Notes Application\Notes Application.csproj", "{E3BDE28E-8685-4419-9A9F-85267D5B2845}"
EndProject
Global
	GlobalSection(SolutionConfigurationPlatforms) = preSolution
		Debug|Any CPU = Debug|Any CPU
		Release|Any CPU = Release|Any CPU
	EndGlobalSection
	GlobalSection(ProjectConfigurationPlatforms) = postSolution
		{E3BDE28E-8685-4419-9A9F-85267D5B2845}.Debug|Any CPU.ActiveCfg = Debug|Any CPU
		{E3BDE28E-8685-4419-9A9F-85267D5B2845}.Debug|Any CPU.Build.0 = Debug|Any CPU
		{E3BDE28E-8685-4419-9A9F-85267D5B2845}.Release|Any CPU.ActiveCfg = Release|Any CPU
		{E3BDE28E-8685-4419-9A9F-85267D5B2845}.Release|Any CPU.Build.0 = Release|Any CPU
	EndGlobalSection
	GlobalSection(SolutionProperties) = preSolution
		HideSolutionNode = FALSE
	EndGlobalSection
	GlobalSection(ExtensibilityGlobals) = postSolution
		SolutionGuid = {69CB179C-2D85-4ACC-B22F-B60F4D7989E2}
	EndGlobalSection
EndGlobal
